{
  "version": 4,
  "terraform_version": "1.9.8",
  "serial": 174,
  "lineage": "cfd59e69-7f7d-ef9a-b641-73ee7666d1ad",
  "outputs": {
    "redis_ip": {
      "value": "10.59.97.3",
      "type": "string"
    },
    "sql_instance_connection_name": {
      "value": "d-com-437216:europe-west1:cave-service-sql",
      "type": "string"
    },
    "sql_instance_ip": {
      "value": "10.59.96.24",
      "type": "string"
    }
  },
  "resources": [
    {
      "mode": "managed",
      "type": "google_compute_router",
      "name": "cluster_router",
      "provider": "provider[\"registry.terraform.io/hashicorp/google\"]",
      "instances": [
        {
          "schema_version": 0,
          "attributes": {
            "bgp": [],
            "creation_timestamp": "2024-12-02T01:22:09.186-08:00",
            "description": "",
            "encrypted_interconnect_router": false,
            "id": "projects/d-com-437216/regions/europe-west1/routers/cluster-router",
            "name": "cluster-router",
            "network": "https://www.googleapis.com/compute/v1/projects/d-com-437216/global/networks/default",
            "project": "d-com-437216",
            "region": "europe-west1",
            "self_link": "https://www.googleapis.com/compute/v1/projects/d-com-437216/regions/europe-west1/routers/cluster-router",
            "timeouts": null
          },
          "sensitive_attributes": [],
          "private": "eyJlMmJmYjczMC1lY2FhLTExZTYtOGY4OC0zNDM2M2JjN2M0YzAiOnsiY3JlYXRlIjoxMjAwMDAwMDAwMDAwLCJkZWxldGUiOjEyMDAwMDAwMDAwMDAsInVwZGF0ZSI6MTIwMDAwMDAwMDAwMH19"
        }
      ]
    },
    {
      "mode": "managed",
      "type": "google_compute_router_nat",
      "name": "cluster_nat",
      "provider": "provider[\"registry.terraform.io/hashicorp/google\"]",
      "instances": [
        {
          "schema_version": 0,
          "attributes": {
            "auto_network_tier": "PREMIUM",
            "drain_nat_ips": [],
            "enable_dynamic_port_allocation": false,
            "enable_endpoint_independent_mapping": false,
            "endpoint_types": [
              "ENDPOINT_TYPE_VM"
            ],
            "icmp_idle_timeout_sec": 30,
            "id": "d-com-437216/europe-west1/cluster-router/cluster-nat",
            "initial_nat_ips": null,
            "log_config": [
              {
                "enable": false,
                "filter": "ERRORS_ONLY"
              }
            ],
            "max_ports_per_vm": 0,
            "min_ports_per_vm": 64,
            "name": "cluster-nat",
            "nat_ip_allocate_option": "AUTO_ONLY",
            "nat_ips": [],
            "project": "d-com-437216",
            "region": "europe-west1",
            "router": "cluster-router",
            "rules": [],
            "source_subnetwork_ip_ranges_to_nat": "ALL_SUBNETWORKS_ALL_IP_RANGES",
            "subnetwork": [],
            "tcp_established_idle_timeout_sec": 1200,
            "tcp_time_wait_timeout_sec": 120,
            "tcp_transitory_idle_timeout_sec": 30,
            "timeouts": null,
            "udp_idle_timeout_sec": 30
          },
          "sensitive_attributes": [],
          "private": "eyJlMmJmYjczMC1lY2FhLTExZTYtOGY4OC0zNDM2M2JjN2M0YzAiOnsiY3JlYXRlIjoxMjAwMDAwMDAwMDAwLCJkZWxldGUiOjEyMDAwMDAwMDAwMDAsInVwZGF0ZSI6MTIwMDAwMDAwMDAwMH19",
          "dependencies": [
            "google_compute_router.cluster_router"
          ]
        }
      ]
    },
    {
      "mode": "managed",
      "type": "google_redis_instance",
      "name": "redis_instance",
      "provider": "provider[\"registry.terraform.io/hashicorp/google\"]",
      "instances": [
        {
          "schema_version": 0,
          "attributes": {
            "alternative_location_id": "",
            "auth_enabled": false,
            "auth_string": "",
            "authorized_network": "projects/d-com-437216/global/networks/default",
            "connect_mode": "PRIVATE_SERVICE_ACCESS",
            "create_time": "2024-12-02T09:22:10.064514785Z",
            "current_location_id": "europe-west1-c",
            "customer_managed_key": "",
            "display_name": "",
            "effective_labels": {
              "goog-terraform-provisioned": "true"
            },
            "host": "10.59.97.3",
            "id": "projects/d-com-437216/locations/europe-west1/instances/redis",
            "labels": {},
            "location_id": "europe-west1-c",
            "maintenance_policy": [],
            "maintenance_schedule": [],
            "maintenance_version": "20240411_00_00",
            "memory_size_gb": 8,
            "name": "redis",
            "nodes": [
              {
                "id": "node-0",
                "zone": "europe-west1-c"
              }
            ],
            "persistence_config": [
              {
                "persistence_mode": "DISABLED",
                "rdb_next_snapshot_time": "",
                "rdb_snapshot_period": "",
                "rdb_snapshot_start_time": ""
              }
            ],
            "persistence_iam_identity": "serviceAccount:service-737764647544@cloud-redis.iam.gserviceaccount.com",
            "port": 6379,
            "project": "d-com-437216",
            "read_endpoint": "",
            "read_endpoint_port": 0,
            "read_replicas_mode": "READ_REPLICAS_DISABLED",
            "redis_configs": {},
            "redis_version": "REDIS_7_0",
            "region": "europe-west1",
            "replica_count": 0,
            "reserved_ip_range": null,
            "secondary_ip_range": "",
            "server_ca_certs": [],
            "terraform_labels": {
              "goog-terraform-provisioned": "true"
            },
            "tier": "BASIC",
            "timeouts": null,
            "transit_encryption_mode": "DISABLED"
          },
          "sensitive_attributes": [
            [
              {
                "type": "get_attr",
                "value": "auth_string"
              }
            ]
          ],
          "private": "eyJlMmJmYjczMC1lY2FhLTExZTYtOGY4OC0zNDM2M2JjN2M0YzAiOnsiY3JlYXRlIjoxMjAwMDAwMDAwMDAwLCJkZWxldGUiOjEyMDAwMDAwMDAwMDAsInVwZGF0ZSI6MTIwMDAwMDAwMDAwMH19"
        }
      ]
    },
    {
      "mode": "managed",
      "type": "google_sql_database",
      "name": "additional_databases",
      "provider": "provider[\"registry.terraform.io/hashicorp/google\"]",
      "instances": [
        {
          "index_key": "cave_db",
          "schema_version": 0,
          "attributes": {
            "charset": "utf8mb3",
            "collation": "utf8mb3_general_ci",
            "deletion_policy": "DELETE",
            "id": "projects/d-com-437216/instances/cave-service-sql/databases/cave_db",
            "instance": "cave-service-sql",
            "name": "cave_db",
            "project": "d-com-437216",
            "self_link": "https://sqladmin.googleapis.com/sql/v1beta4/projects/d-com-437216/instances/cave-service-sql/databases/cave_db",
            "timeouts": null
          },
          "sensitive_attributes": [],
          "private": "eyJlMmJmYjczMC1lY2FhLTExZTYtOGY4OC0zNDM2M2JjN2M0YzAiOnsiY3JlYXRlIjoxMjAwMDAwMDAwMDAwLCJkZWxldGUiOjEyMDAwMDAwMDAwMDAsInVwZGF0ZSI6MTIwMDAwMDAwMDAwMH19",
          "dependencies": [
            "google_sql_database_instance.default"
          ]
        },
        {
          "index_key": "users_db",
          "schema_version": 0,
          "attributes": {
            "charset": "utf8mb3",
            "collation": "utf8mb3_general_ci",
            "deletion_policy": "DELETE",
            "id": "projects/d-com-437216/instances/cave-service-sql/databases/users_db",
            "instance": "cave-service-sql",
            "name": "users_db",
            "project": "d-com-437216",
            "self_link": "https://sqladmin.googleapis.com/sql/v1beta4/projects/d-com-437216/instances/cave-service-sql/databases/users_db",
            "timeouts": null
          },
          "sensitive_attributes": [],
          "private": "eyJlMmJmYjczMC1lY2FhLTExZTYtOGY4OC0zNDM2M2JjN2M0YzAiOnsiY3JlYXRlIjoxMjAwMDAwMDAwMDAwLCJkZWxldGUiOjEyMDAwMDAwMDAwMDAsInVwZGF0ZSI6MTIwMDAwMDAwMDAwMH19",
          "dependencies": [
            "google_sql_database_instance.default"
          ]
        }
      ]
    },
    {
      "mode": "managed",
      "type": "google_sql_database_instance",
      "name": "default",
      "provider": "provider[\"registry.terraform.io/hashicorp/google\"]",
      "instances": [
        {
          "schema_version": 0,
          "attributes": {
            "available_maintenance_versions": [],
            "clone": [],
            "connection_name": "d-com-437216:europe-west1:cave-service-sql",
            "database_version": "MYSQL_8_0",
            "deletion_protection": false,
            "dns_name": "",
            "encryption_key_name": null,
            "first_ip_address": "10.59.96.24",
            "id": "cave-service-sql",
            "instance_type": "CLOUD_SQL_INSTANCE",
            "ip_address": [
              {
                "ip_address": "10.59.96.24",
                "time_to_retire": "",
                "type": "PRIVATE"
              }
            ],
            "maintenance_version": "MYSQL_8_0_31.R20241020.02_00",
            "master_instance_name": "",
            "name": "cave-service-sql",
            "private_ip_address": "10.59.96.24",
            "project": "d-com-437216",
            "psc_service_attachment_link": "",
            "public_ip_address": "",
            "region": "europe-west1",
            "replica_configuration": [],
            "replica_names": [],
            "restore_backup_context": [],
            "root_password": null,
            "self_link": "https://sqladmin.googleapis.com/sql/v1beta4/projects/d-com-437216/instances/cave-service-sql",
            "server_ca_cert": [
              {
                "cert": "-----BEGIN CERTIFICATE-----\nMIIDfzCCAmegAwIBAgIBADANBgkqhkiG9w0BAQsFADB3MS0wKwYDVQQuEyQ4Y2Y2\nNGY4MC1mYTdmLTQ2OWQtYjhlMi05OGUzNzBmODc2ZDcxIzAhBgNVBAMTGkdvb2ds\nZSBDbG91ZCBTUUwgU2VydmVyIENBMRQwEgYDVQQKEwtHb29nbGUsIEluYzELMAkG\nA1UEBhMCVVMwHhcNMjQxMjAyMDkyMzUyWhcNMzQxMTMwMDkyNDUyWjB3MS0wKwYD\nVQQuEyQ4Y2Y2NGY4MC1mYTdmLTQ2OWQtYjhlMi05OGUzNzBmODc2ZDcxIzAhBgNV\nBAMTGkdvb2dsZSBDbG91ZCBTUUwgU2VydmVyIENBMRQwEgYDVQQKEwtHb29nbGUs\nIEluYzELMAkGA1UEBhMCVVMwggEiMA0GCSqGSIb3DQEBAQUAA4IBDwAwggEKAoIB\nAQC4j4RiOIm/VB2+Z7mMKbQy99dkQbb8rl6UhrGOLLB8x3nSdE4Y2u8bi9juSe7m\n4D61MmzJbaCMRi/v10UHMdLk+APuZkic0JeMJP7XdQC2R/jdmskxuepMzaLBaXQt\nAYfjxYVEmbNuWy0S2gUKkZINAaFY/K35D1pR8UOVn7JUu5EsdvLXLo0Z6vlKcUIq\nt6L4nUkktoqFiErCdj3z+JbIj3EMhpCorYO3iMRRZ+lZxCm8pTP+TZCksHJGEUov\nVX+Q5MyG6IG1PQc20b8QGhBwRAsCy5YLfyP/oIU9mAehv9IcNutJjyygDjfP+a6k\n1lIgfFpb594uTNdUW9yYpZOVAgMBAAGjFjAUMBIGA1UdEwEB/wQIMAYBAf8CAQAw\nDQYJKoZIhvcNAQELBQADggEBAKIqap6kIsoNHP5Hq3XKeF/0r+LT+k2UAwnrs3Ih\nKfKmlovIwTDmrY8P/mQudezz3STWW96R2WZ+Wzu5iQV6+7opviehOHNFyZsHY0E2\nDC9NQnOnG1hlFU8WBm+pBgFkP9LKYox6euDso7S8mO2U9wWhd0xT68W81VVQQzNY\n2wxprLB5KIj2+Kk20MZwlT8TEUZrHUO7an0+fQZOnqD6xRb6qy2BSMwDA00ba4oQ\nXHsyOr9THv35+At9hGEDEsStkIpgvGA9qsDIjbufr+XQlFid6SD7R5Bl3JUyEecu\nwd3xE549G4PSllS2VdG1ndCgK9OQLk6/0AHyPQAw7wAdgDs=\n-----END CERTIFICATE-----",
                "common_name": "C=US,O=Google\\, Inc,CN=Google Cloud SQL Server CA,dnQualifier=8cf64f80-fa7f-469d-b8e2-98e370f876d7",
                "create_time": "2024-12-02T09:23:52.261Z",
                "expiration_time": "2034-11-30T09:24:52.261Z",
                "sha1_fingerprint": "ee2ec5883161cd88799d7b7aefd65f97285365fc"
              }
            ],
            "service_account_email_address": "p737764647544-xkqofi@gcp-sa-cloud-sql.iam.gserviceaccount.com",
            "settings": [
              {
                "activation_policy": "ALWAYS",
                "active_directory_config": [],
                "advanced_machine_features": [],
                "availability_type": "ZONAL",
                "backup_configuration": [
                  {
                    "backup_retention_settings": [
                      {
                        "retained_backups": 7,
                        "retention_unit": "COUNT"
                      }
                    ],
                    "binary_log_enabled": false,
                    "enabled": false,
                    "location": "",
                    "point_in_time_recovery_enabled": false,
                    "start_time": "17:00",
                    "transaction_log_retention_days": 7
                  }
                ],
                "collation": "",
                "connector_enforcement": "NOT_REQUIRED",
                "data_cache_config": [],
                "database_flags": [],
                "deletion_protection_enabled": false,
                "deny_maintenance_period": [],
                "disk_autoresize": true,
                "disk_autoresize_limit": 0,
                "disk_size": 20,
                "disk_type": "PD_SSD",
                "edition": "ENTERPRISE",
                "enable_dataplex_integration": false,
                "enable_google_ml_integration": false,
                "insights_config": [],
                "ip_configuration": [
                  {
                    "allocated_ip_range": "",
                    "authorized_networks": [],
                    "enable_private_path_for_google_cloud_services": false,
                    "ipv4_enabled": false,
                    "private_network": "projects/d-com-437216/global/networks/default",
                    "psc_config": [],
                    "server_ca_mode": "GOOGLE_MANAGED_INTERNAL_CA",
                    "ssl_mode": "ALLOW_UNENCRYPTED_AND_ENCRYPTED"
                  }
                ],
                "location_preference": [
                  {
                    "follow_gae_application": "",
                    "secondary_zone": "",
                    "zone": "europe-west1-d"
                  }
                ],
                "maintenance_window": [],
                "password_validation_policy": [],
                "pricing_plan": "PER_USE",
                "sql_server_audit_config": [],
                "tier": "db-custom-4-16384",
                "time_zone": "",
                "user_labels": {},
                "version": 1
              }
            ],
            "timeouts": null
          },
          "sensitive_attributes": [
            [
              {
                "type": "get_attr",
                "value": "root_password"
              }
            ],
            [
              {
                "type": "get_attr",
                "value": "server_ca_cert"
              }
            ]
          ],
          "private": "eyJlMmJmYjczMC1lY2FhLTExZTYtOGY4OC0zNDM2M2JjN2M0YzAiOnsiY3JlYXRlIjo1NDAwMDAwMDAwMDAwLCJkZWxldGUiOjU0MDAwMDAwMDAwMDAsInVwZGF0ZSI6NTQwMDAwMDAwMDAwMH19"
        }
      ]
    },
    {
      "mode": "managed",
      "type": "google_sql_user",
      "name": "root",
      "provider": "provider[\"registry.terraform.io/hashicorp/google\"]",
      "instances": [
        {
          "schema_version": 1,
          "attributes": {
            "deletion_policy": null,
            "host": "%",
            "id": "root/%/cave-service-sql",
            "instance": "cave-service-sql",
            "name": "root",
            "password": "admin",
            "password_policy": [],
            "project": "d-com-437216",
            "sql_server_user_details": [],
            "timeouts": null,
            "type": ""
          },
          "sensitive_attributes": [
            [
              {
                "type": "get_attr",
                "value": "password"
              }
            ]
          ],
          "private": "eyJlMmJmYjczMC1lY2FhLTExZTYtOGY4OC0zNDM2M2JjN2M0YzAiOnsiY3JlYXRlIjo2MDAwMDAwMDAwMDAsImRlbGV0ZSI6NjAwMDAwMDAwMDAwLCJ1cGRhdGUiOjYwMDAwMDAwMDAwMH0sInNjaGVtYV92ZXJzaW9uIjoiMSJ9",
          "dependencies": [
            "google_sql_database_instance.default"
          ]
        }
      ]
    }
  ],
  "check_results": null
}
